// !$*UTF8*$!
{
	archiveVersion = 1;
	classes = {
	};
	objectVersion = 56;
	objects = {

/* Begin PBXBuildFile section */
		5503E18A29E1A66F00A6E87C /* DetailsViewController.swift in Sources */ = {isa = PBXBuildFile; fileRef = 5503E18929E1A66F00A6E87C /* DetailsViewController.swift */; };
		5503E18C29E1B46600A6E87C /* Extension+UIImageView.swift in Sources */ = {isa = PBXBuildFile; fileRef = 5503E18B29E1B46600A6E87C /* Extension+UIImageView.swift */; };
		5503E18E29E2D71D00A6E87C /* FavouriteTableViewCell.swift in Sources */ = {isa = PBXBuildFile; fileRef = 5503E18D29E2D71D00A6E87C /* FavouriteTableViewCell.swift */; };
		5529A0B129DAE7C10047B3D0 /* APICallerManager.swift in Sources */ = {isa = PBXBuildFile; fileRef = 5529A0B029DAE7C10047B3D0 /* APICallerManager.swift */; };
		5529A0B329DAEE6F0047B3D0 /* CharacterModel.swift in Sources */ = {isa = PBXBuildFile; fileRef = 5529A0B229DAEE6F0047B3D0 /* CharacterModel.swift */; };
		5529A0B629DB077B0047B3D0 /* Extension+String.swift in Sources */ = {isa = PBXBuildFile; fileRef = 5529A0B529DB077B0047B3D0 /* Extension+String.swift */; };
		5529A0B829DB12B30047B3D0 /* Extension+UIColor.swift in Sources */ = {isa = PBXBuildFile; fileRef = 5529A0B729DB12B30047B3D0 /* Extension+UIColor.swift */; };
		5529A0BB29DB32E20047B3D0 /* Kingfisher in Frameworks */ = {isa = PBXBuildFile; productRef = 5529A0BA29DB32E20047B3D0 /* Kingfisher */; };
		5529A0BE29DC3CDD0047B3D0 /* SDWebImage in Frameworks */ = {isa = PBXBuildFile; productRef = 5529A0BD29DC3CDD0047B3D0 /* SDWebImage */; };
		5529A0C029DC3CDD0047B3D0 /* SDWebImageMapKit in Frameworks */ = {isa = PBXBuildFile; productRef = 5529A0BF29DC3CDD0047B3D0 /* SDWebImageMapKit */; };
		5529A0C229DC3EC40047B3D0 /* SpinnerView.swift in Sources */ = {isa = PBXBuildFile; fileRef = 5529A0C129DC3EC40047B3D0 /* SpinnerView.swift */; };
		55A4C02A29D99915004330F7 /* AppDelegate.swift in Sources */ = {isa = PBXBuildFile; fileRef = 55A4C02929D99915004330F7 /* AppDelegate.swift */; };
		55A4C02C29D99915004330F7 /* SceneDelegate.swift in Sources */ = {isa = PBXBuildFile; fileRef = 55A4C02B29D99915004330F7 /* SceneDelegate.swift */; };
		55A4C02E29D99915004330F7 /* MainTabViewController.swift in Sources */ = {isa = PBXBuildFile; fileRef = 55A4C02D29D99915004330F7 /* MainTabViewController.swift */; };
		55A4C03329D99917004330F7 /* Assets.xcassets in Resources */ = {isa = PBXBuildFile; fileRef = 55A4C03229D99917004330F7 /* Assets.xcassets */; };
		55A4C03629D99917004330F7 /* LaunchScreen.storyboard in Resources */ = {isa = PBXBuildFile; fileRef = 55A4C03429D99917004330F7 /* LaunchScreen.storyboard */; };
		55A4C03F29D99EDF004330F7 /* HomeViewController.swift in Sources */ = {isa = PBXBuildFile; fileRef = 55A4C03E29D99EDF004330F7 /* HomeViewController.swift */; };
		55A4C04129D99F14004330F7 /* FavouriteCardsViewController.swift in Sources */ = {isa = PBXBuildFile; fileRef = 55A4C04029D99F14004330F7 /* FavouriteCardsViewController.swift */; };
		55A4C04329D99F2C004330F7 /* SearchCardsViewController.swift in Sources */ = {isa = PBXBuildFile; fileRef = 55A4C04229D99F2C004330F7 /* SearchCardsViewController.swift */; };
		55A4C04829D9BB84004330F7 /* CollectionViewTableViewCell.swift in Sources */ = {isa = PBXBuildFile; fileRef = 55A4C04729D9BB84004330F7 /* CollectionViewTableViewCell.swift */; };
		55A4C04A29DA295A004330F7 /* CardTypeCollectionViewCell.swift in Sources */ = {isa = PBXBuildFile; fileRef = 55A4C04929DA295A004330F7 /* CardTypeCollectionViewCell.swift */; };
		55A4C04C29DA2A40004330F7 /* HeroHeaderUIView.swift in Sources */ = {isa = PBXBuildFile; fileRef = 55A4C04B29DA2A40004330F7 /* HeroHeaderUIView.swift */; };
/* End PBXBuildFile section */

/* Begin PBXFileReference section */
		5503E18929E1A66F00A6E87C /* DetailsViewController.swift */ = {isa = PBXFileReference; lastKnownFileType = sourcecode.swift; path = DetailsViewController.swift; sourceTree = "<group>"; };
		5503E18B29E1B46600A6E87C /* Extension+UIImageView.swift */ = {isa = PBXFileReference; lastKnownFileType = sourcecode.swift; path = "Extension+UIImageView.swift"; sourceTree = "<group>"; };
		5503E18D29E2D71D00A6E87C /* FavouriteTableViewCell.swift */ = {isa = PBXFileReference; lastKnownFileType = sourcecode.swift; path = FavouriteTableViewCell.swift; sourceTree = "<group>"; };
		5529A0B029DAE7C10047B3D0 /* APICallerManager.swift */ = {isa = PBXFileReference; lastKnownFileType = sourcecode.swift; path = APICallerManager.swift; sourceTree = "<group>"; };
		5529A0B229DAEE6F0047B3D0 /* CharacterModel.swift */ = {isa = PBXFileReference; lastKnownFileType = sourcecode.swift; path = CharacterModel.swift; sourceTree = "<group>"; };
		5529A0B529DB077B0047B3D0 /* Extension+String.swift */ = {isa = PBXFileReference; lastKnownFileType = sourcecode.swift; path = "Extension+String.swift"; sourceTree = "<group>"; };
		5529A0B729DB12B30047B3D0 /* Extension+UIColor.swift */ = {isa = PBXFileReference; lastKnownFileType = sourcecode.swift; path = "Extension+UIColor.swift"; sourceTree = "<group>"; };
		5529A0C129DC3EC40047B3D0 /* SpinnerView.swift */ = {isa = PBXFileReference; lastKnownFileType = sourcecode.swift; path = SpinnerView.swift; sourceTree = "<group>"; };
		55A4C02629D99915004330F7 /* RickAndMortyApp.app */ = {isa = PBXFileReference; explicitFileType = wrapper.application; includeInIndex = 0; path = RickAndMortyApp.app; sourceTree = BUILT_PRODUCTS_DIR; };
		55A4C02929D99915004330F7 /* AppDelegate.swift */ = {isa = PBXFileReference; lastKnownFileType = sourcecode.swift; path = AppDelegate.swift; sourceTree = "<group>"; };
		55A4C02B29D99915004330F7 /* SceneDelegate.swift */ = {isa = PBXFileReference; lastKnownFileType = sourcecode.swift; path = SceneDelegate.swift; sourceTree = "<group>"; };
		55A4C02D29D99915004330F7 /* MainTabViewController.swift */ = {isa = PBXFileReference; lastKnownFileType = sourcecode.swift; path = MainTabViewController.swift; sourceTree = "<group>"; };
		55A4C03229D99917004330F7 /* Assets.xcassets */ = {isa = PBXFileReference; lastKnownFileType = folder.assetcatalog; path = Assets.xcassets; sourceTree = "<group>"; };
		55A4C03529D99917004330F7 /* Base */ = {isa = PBXFileReference; lastKnownFileType = file.storyboard; name = Base; path = Base.lproj/LaunchScreen.storyboard; sourceTree = "<group>"; };
		55A4C03729D99917004330F7 /* Info.plist */ = {isa = PBXFileReference; lastKnownFileType = text.plist.xml; path = Info.plist; sourceTree = "<group>"; };
		55A4C03E29D99EDF004330F7 /* HomeViewController.swift */ = {isa = PBXFileReference; lastKnownFileType = sourcecode.swift; path = HomeViewController.swift; sourceTree = "<group>"; };
		55A4C04029D99F14004330F7 /* FavouriteCardsViewController.swift */ = {isa = PBXFileReference; lastKnownFileType = sourcecode.swift; path = FavouriteCardsViewController.swift; sourceTree = "<group>"; };
		55A4C04229D99F2C004330F7 /* SearchCardsViewController.swift */ = {isa = PBXFileReference; lastKnownFileType = sourcecode.swift; path = SearchCardsViewController.swift; sourceTree = "<group>"; };
		55A4C04729D9BB84004330F7 /* CollectionViewTableViewCell.swift */ = {isa = PBXFileReference; lastKnownFileType = sourcecode.swift; path = CollectionViewTableViewCell.swift; sourceTree = "<group>"; };
		55A4C04929DA295A004330F7 /* CardTypeCollectionViewCell.swift */ = {isa = PBXFileReference; lastKnownFileType = sourcecode.swift; path = CardTypeCollectionViewCell.swift; sourceTree = "<group>"; };
		55A4C04B29DA2A40004330F7 /* HeroHeaderUIView.swift */ = {isa = PBXFileReference; lastKnownFileType = sourcecode.swift; path = HeroHeaderUIView.swift; sourceTree = "<group>"; };
/* End PBXFileReference section */

/* Begin PBXFrameworksBuildPhase section */
		55A4C02329D99915004330F7 /* Frameworks */ = {
			isa = PBXFrameworksBuildPhase;
			buildActionMask = 2147483647;
			files = (
				5529A0BE29DC3CDD0047B3D0 /* SDWebImage in Frameworks */,
				5529A0C029DC3CDD0047B3D0 /* SDWebImageMapKit in Frameworks */,
				5529A0BB29DB32E20047B3D0 /* Kingfisher in Frameworks */,
			);
			runOnlyForDeploymentPostprocessing = 0;
		};
/* End PBXFrameworksBuildPhase section */

/* Begin PBXGroup section */
		5529A0AF29DAE6E00047B3D0 /* Managers */ = {
			isa = PBXGroup;
			children = (
				5529A0B029DAE7C10047B3D0 /* APICallerManager.swift */,
			);
			path = Managers;
			sourceTree = "<group>";
		};
		5529A0B429DB076C0047B3D0 /* Resources */ = {
			isa = PBXGroup;
			children = (
				5529A0B529DB077B0047B3D0 /* Extension+String.swift */,
				5529A0B729DB12B30047B3D0 /* Extension+UIColor.swift */,
				5503E18B29E1B46600A6E87C /* Extension+UIImageView.swift */,
			);
			path = Resources;
			sourceTree = "<group>";
		};
		55A4C01D29D99915004330F7 = {
			isa = PBXGroup;
			children = (
				55A4C02829D99915004330F7 /* RickAndMortyApp */,
				55A4C02729D99915004330F7 /* Products */,
			);
			sourceTree = "<group>";
		};
		55A4C02729D99915004330F7 /* Products */ = {
			isa = PBXGroup;
			children = (
				55A4C02629D99915004330F7 /* RickAndMortyApp.app */,
			);
			name = Products;
			sourceTree = "<group>";
		};
		55A4C02829D99915004330F7 /* RickAndMortyApp */ = {
			isa = PBXGroup;
			children = (
				5529A0B429DB076C0047B3D0 /* Resources */,
				5529A0AF29DAE6E00047B3D0 /* Managers */,
				55A4C04429D9B974004330F7 /* Models */,
				55A4C04529D9B979004330F7 /* Views */,
				55A4C04629D9B982004330F7 /* ViewModels */,
				55A4C03D29D99C3A004330F7 /* Controllers */,
				55A4C02929D99915004330F7 /* AppDelegate.swift */,
				55A4C02B29D99915004330F7 /* SceneDelegate.swift */,
				55A4C02D29D99915004330F7 /* MainTabViewController.swift */,
				55A4C03229D99917004330F7 /* Assets.xcassets */,
				55A4C03429D99917004330F7 /* LaunchScreen.storyboard */,
				55A4C03729D99917004330F7 /* Info.plist */,
			);
			path = RickAndMortyApp;
			sourceTree = "<group>";
		};
		55A4C03D29D99C3A004330F7 /* Controllers */ = {
			isa = PBXGroup;
			children = (
				55A4C03E29D99EDF004330F7 /* HomeViewController.swift */,
				55A4C04029D99F14004330F7 /* FavouriteCardsViewController.swift */,
				55A4C04229D99F2C004330F7 /* SearchCardsViewController.swift */,
				5503E18929E1A66F00A6E87C /* DetailsViewController.swift */,
			);
			path = Controllers;
			sourceTree = "<group>";
		};
		55A4C04429D9B974004330F7 /* Models */ = {
			isa = PBXGroup;
			children = (
				5529A0B229DAEE6F0047B3D0 /* CharacterModel.swift */,
			);
			path = Models;
			sourceTree = "<group>";
		};
		55A4C04529D9B979004330F7 /* Views */ = {
			isa = PBXGroup;
			children = (
				55A4C04729D9BB84004330F7 /* CollectionViewTableViewCell.swift */,
				55A4C04929DA295A004330F7 /* CardTypeCollectionViewCell.swift */,
				55A4C04B29DA2A40004330F7 /* HeroHeaderUIView.swift */,
				5529A0C129DC3EC40047B3D0 /* SpinnerView.swift */,
				5503E18D29E2D71D00A6E87C /* FavouriteTableViewCell.swift */,
			);
			path = Views;
			sourceTree = "<group>";
		};
		55A4C04629D9B982004330F7 /* ViewModels */ = {
			isa = PBXGroup;
			children = (
			);
			path = ViewModels;
			sourceTree = "<group>";
		};
/* End PBXGroup section */

/* Begin PBXNativeTarget section */
		55A4C02529D99915004330F7 /* RickAndMortyApp */ = {
			isa = PBXNativeTarget;
			buildConfigurationList = 55A4C03A29D99917004330F7 /* Build configuration list for PBXNativeTarget "RickAndMortyApp" */;
			buildPhases = (
				55A4C02229D99915004330F7 /* Sources */,
				55A4C02329D99915004330F7 /* Frameworks */,
				55A4C02429D99915004330F7 /* Resources */,
			);
			buildRules = (
			);
			dependencies = (
			);
			name = RickAndMortyApp;
			packageProductDependencies = (
				5529A0BA29DB32E20047B3D0 /* Kingfisher */,
				5529A0BD29DC3CDD0047B3D0 /* SDWebImage */,
				5529A0BF29DC3CDD0047B3D0 /* SDWebImageMapKit */,
			);
			productName = RickAndMortyApp;
			productReference = 55A4C02629D99915004330F7 /* RickAndMortyApp.app */;
			productType = "com.apple.product-type.application";
		};
/* End PBXNativeTarget section */

/* Begin PBXProject section */
		55A4C01E29D99915004330F7 /* Project object */ = {
			isa = PBXProject;
			attributes = {
				BuildIndependentTargetsInParallel = 1;
				LastSwiftUpdateCheck = 1430;
				LastUpgradeCheck = 1430;
				TargetAttributes = {
					55A4C02529D99915004330F7 = {
						CreatedOnToolsVersion = 14.3;
					};
				};
			};
			buildConfigurationList = 55A4C02129D99915004330F7 /* Build configuration list for PBXProject "RickAndMortyApp" */;
			compatibilityVersion = "Xcode 14.0";
			developmentRegion = en;
			hasScannedForEncodings = 0;
			knownRegions = (
				en,
				Base,
			);
			mainGroup = 55A4C01D29D99915004330F7;
			packageReferences = (
				5529A0B929DB32E20047B3D0 /* XCRemoteSwiftPackageReference "Kingfisher" */,
				5529A0BC29DC3CDD0047B3D0 /* XCRemoteSwiftPackageReference "SDWebImage" */,
			);
			productRefGroup = 55A4C02729D99915004330F7 /* Products */;
			projectDirPath = "";
			projectRoot = "";
			targets = (
				55A4C02529D99915004330F7 /* RickAndMortyApp */,
			);
		};
/* End PBXProject section */

/* Begin PBXResourcesBuildPhase section */
		55A4C02429D99915004330F7 /* Resources */ = {
			isa = PBXResourcesBuildPhase;
			buildActionMask = 2147483647;
			files = (
				55A4C03629D99917004330F7 /* LaunchScreen.storyboard in Resources */,
				55A4C03329D99917004330F7 /* Assets.xcassets in Resources */,
			);
			runOnlyForDeploymentPostprocessing = 0;
		};
/* End PBXResourcesBuildPhase section */

/* Begin PBXSourcesBuildPhase section */
		55A4C02229D99915004330F7 /* Sources */ = {
			isa = PBXSourcesBuildPhase;
			buildActionMask = 2147483647;
			files = (
				55A4C02E29D99915004330F7 /* MainTabViewController.swift in Sources */,
				5503E18E29E2D71D00A6E87C /* FavouriteTableViewCell.swift in Sources */,
				5529A0B129DAE7C10047B3D0 /* APICallerManager.swift in Sources */,
				55A4C02A29D99915004330F7 /* AppDelegate.swift in Sources */,
				55A4C02C29D99915004330F7 /* SceneDelegate.swift in Sources */,
				5529A0B329DAEE6F0047B3D0 /* CharacterModel.swift in Sources */,
				55A4C04C29DA2A40004330F7 /* HeroHeaderUIView.swift in Sources */,
				5529A0C229DC3EC40047B3D0 /* SpinnerView.swift in Sources */,
				55A4C04829D9BB84004330F7 /* CollectionViewTableViewCell.swift in Sources */,
				55A4C04A29DA295A004330F7 /* CardTypeCollectionViewCell.swift in Sources */,
				5529A0B629DB077B0047B3D0 /* Extension+String.swift in Sources */,
				5503E18C29E1B46600A6E87C /* Extension+UIImageView.swift in Sources */,
				55A4C03F29D99EDF004330F7 /* HomeViewController.swift in Sources */,
				5503E18A29E1A66F00A6E87C /* DetailsViewController.swift in Sources */,
				55A4C04329D99F2C004330F7 /* SearchCardsViewController.swift in Sources */,
				5529A0B829DB12B30047B3D0 /* Extension+UIColor.swift in Sources */,
				55A4C04129D99F14004330F7 /* FavouriteCardsViewController.swift in Sources */,
			);
			runOnlyForDeploymentPostprocessing = 0;
		};
/* End PBXSourcesBuildPhase section */

/* Begin PBXVariantGroup section */
		55A4C03429D99917004330F7 /* LaunchScreen.storyboard */ = {
			isa = PBXVariantGroup;
			children = (
				55A4C03529D99917004330F7 /* Base */,
			);
			name = LaunchScreen.storyboard;
			sourceTree = "<group>";
		};
/* End PBXVariantGroup section */

/* Begin XCBuildConfiguration section */
		55A4C03829D99917004330F7 /* Debug */ = {
			isa = XCBuildConfiguration;
			buildSettings = {
				ALWAYS_SEARCH_USER_PATHS = NO;
				CLANG_ANALYZER_NONNULL = YES;
				CLANG_ANALYZER_NUMBER_OBJECT_CONVERSION = YES_AGGRESSIVE;
				CLANG_CXX_LANGUAGE_STANDARD = "gnu++20";
				CLANG_ENABLE_MODULES = YES;
				CLANG_ENABLE_OBJC_ARC = YES;
				CLANG_ENABLE_OBJC_WEAK = YES;
				CLANG_WARN_BLOCK_CAPTURE_AUTORELEASING = YES;
				CLANG_WARN_BOOL_CONVERSION = YES;
				CLANG_WARN_COMMA = YES;
				CLANG_WARN_CONSTANT_CONVERSION = YES;
				CLANG_WARN_DEPRECATED_OBJC_IMPLEMENTATIONS = YES;
				CLANG_WARN_DIRECT_OBJC_ISA_USAGE = YES_ERROR;
				CLANG_WARN_DOCUMENTATION_COMMENTS = YES;
				CLANG_WARN_EMPTY_BODY = YES;
				CLANG_WARN_ENUM_CONVERSION = YES;
				CLANG_WARN_INFINITE_RECURSION = YES;
				CLANG_WARN_INT_CONVERSION = YES;
				CLANG_WARN_NON_LITERAL_NULL_CONVERSION = YES;
				CLANG_WARN_OBJC_IMPLICIT_RETAIN_SELF = YES;
				CLANG_WARN_OBJC_LITERAL_CONVERSION = YES;
				CLANG_WARN_OBJC_ROOT_CLASS = YES_ERROR;
				CLANG_WARN_QUOTED_INCLUDE_IN_FRAMEWORK_HEADER = YES;
				CLANG_WARN_RANGE_LOOP_ANALYSIS = YES;
				CLANG_WARN_STRICT_PROTOTYPES = YES;
				CLANG_WARN_SUSPICIOUS_MOVE = YES;
				CLANG_WARN_UNGUARDED_AVAILABILITY = YES_AGGRESSIVE;
				CLANG_WARN_UNREACHABLE_CODE = YES;
				CLANG_WARN__DUPLICATE_METHOD_MATCH = YES;
				COPY_PHASE_STRIP = NO;
				DEBUG_INFORMATION_FORMAT = dwarf;
				ENABLE_STRICT_OBJC_MSGSEND = YES;
				ENABLE_TESTABILITY = YES;
				GCC_C_LANGUAGE_STANDARD = gnu11;
				GCC_DYNAMIC_NO_PIC = NO;
				GCC_NO_COMMON_BLOCKS = YES;
				GCC_OPTIMIZATION_LEVEL = 0;
				GCC_PREPROCESSOR_DEFINITIONS = (
					"DEBUG=1",
					"$(inherited)",
				);
				GCC_WARN_64_TO_32_BIT_CONVERSION = YES;
				GCC_WARN_ABOUT_RETURN_TYPE = YES_ERROR;
				GCC_WARN_UNDECLARED_SELECTOR = YES;
				GCC_WARN_UNINITIALIZED_AUTOS = YES_AGGRESSIVE;
				GCC_WARN_UNUSED_FUNCTION = YES;
				GCC_WARN_UNUSED_VARIABLE = YES;
				IPHONEOS_DEPLOYMENT_TARGET = 16.4;
				MTL_ENABLE_DEBUG_INFO = INCLUDE_SOURCE;
				MTL_FAST_MATH = YES;
				ONLY_ACTIVE_ARCH = YES;
				SDKROOT = iphoneos;
				SWIFT_ACTIVE_COMPILATION_CONDITIONS = DEBUG;
				SWIFT_OPTIMIZATION_LEVEL = "-Onone";
			};
			name = Debug;
		};
		55A4C03929D99917004330F7 /* Release */ = {
			isa = XCBuildConfiguration;
			buildSettings = {
				ALWAYS_SEARCH_USER_PATHS = NO;
				CLANG_ANALYZER_NONNULL = YES;
				CLANG_ANALYZER_NUMBER_OBJECT_CONVERSION = YES_AGGRESSIVE;
				CLANG_CXX_LANGUAGE_STANDARD = "gnu++20";
				CLANG_ENABLE_MODULES = YES;
				CLANG_ENABLE_OBJC_ARC = YES;
				CLANG_ENABLE_OBJC_WEAK = YES;
				CLANG_WARN_BLOCK_CAPTURE_AUTORELEASING = YES;
				CLANG_WARN_BOOL_CONVERSION = YES;
				CLANG_WARN_COMMA = YES;
				CLANG_WARN_CONSTANT_CONVERSION = YES;
				CLANG_WARN_DEPRECATED_OBJC_IMPLEMENTATIONS = YES;
				CLANG_WARN_DIRECT_OBJC_ISA_USAGE = YES_ERROR;
				CLANG_WARN_DOCUMENTATION_COMMENTS = YES;
				CLANG_WARN_EMPTY_BODY = YES;
				CLANG_WARN_ENUM_CONVERSION = YES;
				CLANG_WARN_INFINITE_RECURSION = YES;
				CLANG_WARN_INT_CONVERSION = YES;
				CLANG_WARN_NON_LITERAL_NULL_CONVERSION = YES;
				CLANG_WARN_OBJC_IMPLICIT_RETAIN_SELF = YES;
				CLANG_WARN_OBJC_LITERAL_CONVERSION = YES;
				CLANG_WARN_OBJC_ROOT_CLASS = YES_ERROR;
				CLANG_WARN_QUOTED_INCLUDE_IN_FRAMEWORK_HEADER = YES;
				CLANG_WARN_RANGE_LOOP_ANALYSIS = YES;
				CLANG_WARN_STRICT_PROTOTYPES = YES;
				CLANG_WARN_SUSPICIOUS_MOVE = YES;
				CLANG_WARN_UNGUARDED_AVAILABILITY = YES_AGGRESSIVE;
				CLANG_WARN_UNREACHABLE_CODE = YES;
				CLANG_WARN__DUPLICATE_METHOD_MATCH = YES;
				COPY_PHASE_STRIP = NO;
				DEBUG_INFORMATION_FORMAT = "dwarf-with-dsym";
				ENABLE_NS_ASSERTIONS = NO;
				ENABLE_STRICT_OBJC_MSGSEND = YES;
				GCC_C_LANGUAGE_STANDARD = gnu11;
				GCC_NO_COMMON_BLOCKS = YES;
				GCC_WARN_64_TO_32_BIT_CONVERSION = YES;
				GCC_WARN_ABOUT_RETURN_TYPE = YES_ERROR;
				GCC_WARN_UNDECLARED_SELECTOR = YES;
				GCC_WARN_UNINITIALIZED_AUTOS = YES_AGGRESSIVE;
				GCC_WARN_UNUSED_FUNCTION = YES;
				GCC_WARN_UNUSED_VARIABLE = YES;
				IPHONEOS_DEPLOYMENT_TARGET = 16.4;
				MTL_ENABLE_DEBUG_INFO = NO;
				MTL_FAST_MATH = YES;
				SDKROOT = iphoneos;
				SWIFT_COMPILATION_MODE = wholemodule;
				SWIFT_OPTIMIZATION_LEVEL = "-O";
				VALIDATE_PRODUCT = YES;
			};
			name = Release;
		};
		55A4C03B29D99917004330F7 /* Debug */ = {
			isa = XCBuildConfiguration;
			buildSettings = {
				ASSETCATALOG_COMPILER_APPICON_NAME = AppIcon;
				ASSETCATALOG_COMPILER_GLOBAL_ACCENT_COLOR_NAME = AccentColor;
				CODE_SIGN_STYLE = Automatic;
				CURRENT_PROJECT_VERSION = 1;
				DEVELOPMENT_TEAM = Q9ARVAPAG3;
				GENERATE_INFOPLIST_FILE = YES;
				INFOPLIST_FILE = RickAndMortyApp/Info.plist;
				INFOPLIST_KEY_UIApplicationSupportsIndirectInputEvents = YES;
				INFOPLIST_KEY_UILaunchStoryboardName = LaunchScreen;
				INFOPLIST_KEY_UISupportedInterfaceOrientations_iPad = "UIInterfaceOrientationPortrait UIInterfaceOrientationPortraitUpsideDown UIInterfaceOrientationLandscapeLeft UIInterfaceOrientationLandscapeRight";
				INFOPLIST_KEY_UISupportedInterfaceOrientations_iPhone = "UIInterfaceOrientationPortrait UIInterfaceOrientationLandscapeLeft UIInterfaceOrientationLandscapeRight";
				LD_RUNPATH_SEARCH_PATHS = (
					"$(inherited)",
					"@executable_path/Frameworks",
				);
				MARKETING_VERSION = 1.0;
				PRODUCT_BUNDLE_IDENTIFIER = com.kemal.RickAndMortyApp;
				PRODUCT_NAME = "$(TARGET_NAME)";
				SWIFT_EMIT_LOC_STRINGS = YES;
				SWIFT_VERSION = 5.0;
				TARGETED_DEVICE_FAMILY = "1,2";
			};
			name = Debug;
		};
		55A4C03C29D99917004330F7 /* Release */ = {
			isa = XCBuildConfiguration;
			buildSettings = {
				ASSETCATALOG_COMPILER_APPICON_NAME = AppIcon;
				ASSETCATALOG_COMPILER_GLOBAL_ACCENT_COLOR_NAME = AccentColor;
				CODE_SIGN_STYLE = Automatic;
				CURRENT_PROJECT_VERSION = 1;
				DEVELOPMENT_TEAM = Q9ARVAPAG3;
				GENERATE_INFOPLIST_FILE = YES;
				INFOPLIST_FILE = RickAndMortyApp/Info.plist;
				INFOPLIST_KEY_UIApplicationSupportsIndirectInputEvents = YES;
				INFOPLIST_KEY_UILaunchStoryboardName = LaunchScreen;
				INFOPLIST_KEY_UISupportedInterfaceOrientations_iPad = "UIInterfaceOrientationPortrait UIInterfaceOrientationPortraitUpsideDown UIInterfaceOrientationLandscapeLeft UIInterfaceOrientationLandscapeRight";
				INFOPLIST_KEY_UISupportedInterfaceOrientations_iPhone = "UIInterfaceOrientationPortrait UIInterfaceOrientationLandscapeLeft UIInterfaceOrientationLandscapeRight";
				LD_RUNPATH_SEARCH_PATHS = (
					"$(inherited)",
					"@executable_path/Frameworks",
				);
				MARKETING_VERSION = 1.0;
				PRODUCT_BUNDLE_IDENTIFIER = com.kemal.RickAndMortyApp;
				PRODUCT_NAME = "$(TARGET_NAME)";
				SWIFT_EMIT_LOC_STRINGS = YES;
				SWIFT_VERSION = 5.0;
				TARGETED_DEVICE_FAMILY = "1,2";
			};
			name = Release;
		};
/* End XCBuildConfiguration section */

/* Begin XCConfigurationList section */
		55A4C02129D99915004330F7 /* Build configuration list for PBXProject "RickAndMortyApp" */ = {
			isa = XCConfigurationList;
			buildConfigurations = (
				55A4C03829D99917004330F7 /* Debug */,
				55A4C03929D99917004330F7 /* Release */,
			);
			defaultConfigurationIsVisible = 0;
			defaultConfigurationName = Release;
		};
		55A4C03A29D99917004330F7 /* Build configuration list for PBXNativeTarget "RickAndMortyApp" */ = {
			isa = XCConfigurationList;
			buildConfigurations = (
				55A4C03B29D99917004330F7 /* Debug */,
				55A4C03C29D99917004330F7 /* Release */,
			);
			defaultConfigurationIsVisible = 0;
			defaultConfigurationName = Release;
		};
/* End XCConfigurationList section */

/* Begin XCRemoteSwiftPackageReference section */
		5529A0B929DB32E20047B3D0 /* XCRemoteSwiftPackageReference "Kingfisher" */ = {
			isa = XCRemoteSwiftPackageReference;
			repositoryURL = "https://github.com/onevcat/Kingfisher.git";
			requirement = {
				kind = upToNextMajorVersion;
				minimumVersion = 7.0.0;
			};
		};
		5529A0BC29DC3CDD0047B3D0 /* XCRemoteSwiftPackageReference "SDWebImage" */ = {
			isa = XCRemoteSwiftPackageReference;
			repositoryURL = "https://github.com/SDWebImage/SDWebImage.git";
			requirement = {
				kind = upToNextMajorVersion;
				minimumVersion = 5.0.0;
			};
		};
/* End XCRemoteSwiftPackageReference section */

/* Begin XCSwiftPackageProductDependency section */
		5529A0BA29DB32E20047B3D0 /* Kingfisher */ = {
			isa = XCSwiftPackageProductDependency;
			package = 5529A0B929DB32E20047B3D0 /* XCRemoteSwiftPackageReference "Kingfisher" */;
			productName = Kingfisher;
		};
		5529A0BD29DC3CDD0047B3D0 /* SDWebImage */ = {
			isa = XCSwiftPackageProductDependency;
			package = 5529A0BC29DC3CDD0047B3D0 /* XCRemoteSwiftPackageReference "SDWebImage" */;
			productName = SDWebImage;
		};
		5529A0BF29DC3CDD0047B3D0 /* SDWebImageMapKit */ = {
			isa = XCSwiftPackageProductDependency;
			package = 5529A0BC29DC3CDD0047B3D0 /* XCRemoteSwiftPackageReference "SDWebImage" */;
			productName = SDWebImageMapKit;
		};
/* End XCSwiftPackageProductDependency section */
	};
	rootObject = 55A4C01E29D99915004330F7 /* Project object */;
}
